
Microsoft Visual Studio Solution File, Format Version 12.00
# Visual Studio Version 17
VisualStudioVersion = 17.2.32602.215
MinimumVisualStudioVersion = 10.0.40219.1
Project("{FAE04EC0-301F-11D3-BF4B-00C04F79EFBC}") = "CoAuthor", "CoAuthor.csproj", "{6FAD384E-5395-477B-BB79-3DEB373A2C4E}"
EndProject
Global
	GlobalSection(SolutionConfigurationPlatforms) = preSolution
		Debug|Any CPU = Debug|Any CPU
		Release|Any CPU = Release|Any CPU
	EndGlobalSection
	GlobalSection(ProjectConfigurationPlatforms) = postSolution
		{6FAD384E-5395-477B-BB79-3DEB373A2C4E}.Debug|Any CPU.ActiveCfg = Debug|Any CPU
		{6FAD384E-5395-477B-BB79-3DEB373A2C4E}.Debug|Any CPU.Build.0 = Debug|Any CPU
		{6FAD384E-5395-477B-BB79-3DEB373A2C4E}.Release|Any CPU.ActiveCfg = Release|Any CPU
		{6FAD384E-5395-477B-BB79-3DEB373A2C4E}.Release|Any CPU.Build.0 = Release|Any CPU
	EndGlobalSection
	GlobalSection(SolutionProperties) = preSolution
		HideSolutionNode = FALSE
	EndGlobalSection
	GlobalSection(ExtensibilityGlobals) = postSolution
		SolutionGuid = {FB7A3321-B777-45F9-AAB8-CDC9CC8880F5}
	EndGlobalSection
EndGlobal
